// !$*UTF8*$!
{
	archiveVersion = 1;
	classes = {
	};
	objectVersion = 46;
	objects = {

/* Begin PBXBuildFile section */
		BBD56F6E1A5D7A190085D259 /* libNETKit.a in Frameworks */ = {isa = PBXBuildFile; fileRef = BBD56F621A5D7A190085D259 /* libNETKit.a */; };
		BBD56F861A5D7A680085D259 /* NETImageMimePart.m in Sources */ = {isa = PBXBuildFile; fileRef = BBD56F7D1A5D7A680085D259 /* NETImageMimePart.m */; };
		BBD56F871A5D7A680085D259 /* NETImageMimePart.m in Sources */ = {isa = PBXBuildFile; fileRef = BBD56F7D1A5D7A680085D259 /* NETImageMimePart.m */; };
		BBD56F881A5D7A680085D259 /* NETJSONMimePart.m in Sources */ = {isa = PBXBuildFile; fileRef = BBD56F7F1A5D7A680085D259 /* NETJSONMimePart.m */; };
		BBD56F891A5D7A680085D259 /* NETJSONMimePart.m in Sources */ = {isa = PBXBuildFile; fileRef = BBD56F7F1A5D7A680085D259 /* NETJSONMimePart.m */; };
		BBD56F8A1A5D7A680085D259 /* NETMimeMultipart.m in Sources */ = {isa = PBXBuildFile; fileRef = BBD56F811A5D7A680085D259 /* NETMimeMultipart.m */; };
		BBD56F8B1A5D7A680085D259 /* NETMimeMultipart.m in Sources */ = {isa = PBXBuildFile; fileRef = BBD56F811A5D7A680085D259 /* NETMimeMultipart.m */; };
		BBD56F8C1A5D7A680085D259 /* NETMimePart.m in Sources */ = {isa = PBXBuildFile; fileRef = BBD56F831A5D7A680085D259 /* NETMimePart.m */; };
		BBD56F8D1A5D7A680085D259 /* NETMimePart.m in Sources */ = {isa = PBXBuildFile; fileRef = BBD56F831A5D7A680085D259 /* NETMimePart.m */; };
		BBD56F8E1A5D7A680085D259 /* NETRequest.m in Sources */ = {isa = PBXBuildFile; fileRef = BBD56F851A5D7A680085D259 /* NETRequest.m */; };
		BBD56F8F1A5D7A680085D259 /* NETRequest.m in Sources */ = {isa = PBXBuildFile; fileRef = BBD56F851A5D7A680085D259 /* NETRequest.m */; };
/* End PBXBuildFile section */

/* Begin PBXContainerItemProxy section */
		BBD56F6F1A5D7A190085D259 /* PBXContainerItemProxy */ = {
			isa = PBXContainerItemProxy;
			containerPortal = BBD56F5A1A5D7A190085D259 /* Project object */;
			proxyType = 1;
			remoteGlobalIDString = BBD56F611A5D7A190085D259;
			remoteInfo = NETKit;
		};
/* End PBXContainerItemProxy section */

/* Begin PBXCopyFilesBuildPhase section */
		BBD56F601A5D7A190085D259 /* CopyFiles */ = {
			isa = PBXCopyFilesBuildPhase;
			buildActionMask = 2147483647;
			dstPath = "include/$(PRODUCT_NAME)";
			dstSubfolderSpec = 16;
			files = (
			);
			runOnlyForDeploymentPostprocessing = 0;
		};
/* End PBXCopyFilesBuildPhase section */

/* Begin PBXFileReference section */
		BBD56F621A5D7A190085D259 /* libNETKit.a */ = {isa = PBXFileReference; explicitFileType = archive.ar; includeInIndex = 0; path = libNETKit.a; sourceTree = BUILT_PRODUCTS_DIR; };
		BBD56F6D1A5D7A190085D259 /* NETKitTests.xctest */ = {isa = PBXFileReference; explicitFileType = wrapper.cfbundle; includeInIndex = 0; path = NETKitTests.xctest; sourceTree = BUILT_PRODUCTS_DIR; };
		BBD56F731A5D7A190085D259 /* Info.plist */ = {isa = PBXFileReference; lastKnownFileType = text.plist.xml; path = Info.plist; sourceTree = "<group>"; };
		BBD56F7C1A5D7A680085D259 /* NETImageMimePart.h */ = {isa = PBXFileReference; fileEncoding = 4; lastKnownFileType = sourcecode.c.h; name = NETImageMimePart.h; path = Sources/NETImageMimePart.h; sourceTree = SOURCE_ROOT; };
		BBD56F7D1A5D7A680085D259 /* NETImageMimePart.m */ = {isa = PBXFileReference; fileEncoding = 4; lastKnownFileType = sourcecode.c.objc; name = NETImageMimePart.m; path = Sources/NETImageMimePart.m; sourceTree = SOURCE_ROOT; };
		BBD56F7E1A5D7A680085D259 /* NETJSONMimePart.h */ = {isa = PBXFileReference; fileEncoding = 4; lastKnownFileType = sourcecode.c.h; name = NETJSONMimePart.h; path = Sources/NETJSONMimePart.h; sourceTree = SOURCE_ROOT; };
		BBD56F7F1A5D7A680085D259 /* NETJSONMimePart.m */ = {isa = PBXFileReference; fileEncoding = 4; lastKnownFileType = sourcecode.c.objc; name = NETJSONMimePart.m; path = Sources/NETJSONMimePart.m; sourceTree = SOURCE_ROOT; };
		BBD56F801A5D7A680085D259 /* NETMimeMultipart.h */ = {isa = PBXFileReference; fileEncoding = 4; lastKnownFileType = sourcecode.c.h; name = NETMimeMultipart.h; path = Sources/NETMimeMultipart.h; sourceTree = SOURCE_ROOT; };
		BBD56F811A5D7A680085D259 /* NETMimeMultipart.m */ = {isa = PBXFileReference; fileEncoding = 4; lastKnownFileType = sourcecode.c.objc; name = NETMimeMultipart.m; path = Sources/NETMimeMultipart.m; sourceTree = SOURCE_ROOT; };
		BBD56F821A5D7A680085D259 /* NETMimePart.h */ = {isa = PBXFileReference; fileEncoding = 4; lastKnownFileType = sourcecode.c.h; name = NETMimePart.h; path = Sources/NETMimePart.h; sourceTree = SOURCE_ROOT; };
		BBD56F831A5D7A680085D259 /* NETMimePart.m */ = {isa = PBXFileReference; fileEncoding = 4; lastKnownFileType = sourcecode.c.objc; name = NETMimePart.m; path = Sources/NETMimePart.m; sourceTree = SOURCE_ROOT; };
		BBD56F841A5D7A680085D259 /* NETRequest.h */ = {isa = PBXFileReference; fileEncoding = 4; lastKnownFileType = sourcecode.c.h; name = NETRequest.h; path = Sources/NETRequest.h; sourceTree = SOURCE_ROOT; };
		BBD56F851A5D7A680085D259 /* NETRequest.m */ = {isa = PBXFileReference; fileEncoding = 4; lastKnownFileType = sourcecode.c.objc; name = NETRequest.m; path = Sources/NETRequest.m; sourceTree = SOURCE_ROOT; };
/* End PBXFileReference section */

/* Begin PBXFrameworksBuildPhase section */
		BBD56F5F1A5D7A190085D259 /* Frameworks */ = {
			isa = PBXFrameworksBuildPhase;
			buildActionMask = 2147483647;
			files = (
			);
			runOnlyForDeploymentPostprocessing = 0;
		};
		BBD56F6A1A5D7A190085D259 /* Frameworks */ = {
			isa = PBXFrameworksBuildPhase;
			buildActionMask = 2147483647;
			files = (
				BBD56F6E1A5D7A190085D259 /* libNETKit.a in Frameworks */,
			);
			runOnlyForDeploymentPostprocessing = 0;
		};
/* End PBXFrameworksBuildPhase section */

/* Begin PBXGroup section */
		BBD56F591A5D7A190085D259 = {
			isa = PBXGroup;
			children = (
				BBD56F641A5D7A190085D259 /* NETKit */,
				BBD56F711A5D7A190085D259 /* NETKitTests */,
				BBD56F631A5D7A190085D259 /* Products */,
			);
			sourceTree = "<group>";
		};
		BBD56F631A5D7A190085D259 /* Products */ = {
			isa = PBXGroup;
			children = (
				BBD56F621A5D7A190085D259 /* libNETKit.a */,
				BBD56F6D1A5D7A190085D259 /* NETKitTests.xctest */,
			);
			name = Products;
			sourceTree = "<group>";
		};
		BBD56F641A5D7A190085D259 /* NETKit */ = {
			isa = PBXGroup;
			children = (
				BBD56F7C1A5D7A680085D259 /* NETImageMimePart.h */,
				BBD56F7D1A5D7A680085D259 /* NETImageMimePart.m */,
				BBD56F7E1A5D7A680085D259 /* NETJSONMimePart.h */,
				BBD56F7F1A5D7A680085D259 /* NETJSONMimePart.m */,
				BBD56F801A5D7A680085D259 /* NETMimeMultipart.h */,
				BBD56F811A5D7A680085D259 /* NETMimeMultipart.m */,
				BBD56F821A5D7A680085D259 /* NETMimePart.h */,
				BBD56F831A5D7A680085D259 /* NETMimePart.m */,
				BBD56F841A5D7A680085D259 /* NETRequest.h */,
				BBD56F851A5D7A680085D259 /* NETRequest.m */,
			);
			path = NETKit;
			sourceTree = "<group>";
		};
		BBD56F711A5D7A190085D259 /* NETKitTests */ = {
			isa = PBXGroup;
			children = (
				BBD56F721A5D7A190085D259 /* Supporting Files */,
			);
			path = NETKitTests;
			sourceTree = "<group>";
		};
		BBD56F721A5D7A190085D259 /* Supporting Files */ = {
			isa = PBXGroup;
			children = (
				BBD56F731A5D7A190085D259 /* Info.plist */,
			);
			name = "Supporting Files";
			sourceTree = "<group>";
		};
/* End PBXGroup section */

/* Begin PBXNativeTarget section */
		BBD56F611A5D7A190085D259 /* NETKit */ = {
			isa = PBXNativeTarget;
			buildConfigurationList = BBD56F761A5D7A190085D259 /* Build configuration list for PBXNativeTarget "NETKit" */;
			buildPhases = (
				BBD56F5E1A5D7A190085D259 /* Sources */,
				BBD56F5F1A5D7A190085D259 /* Frameworks */,
				BBD56F601A5D7A190085D259 /* CopyFiles */,
			);
			buildRules = (
			);
			dependencies = (
			);
			name = NETKit;
			productName = NETKit;
			productReference = BBD56F621A5D7A190085D259 /* libNETKit.a */;
			productType = "com.apple.product-type.library.static";
		};
		BBD56F6C1A5D7A190085D259 /* NETKitTests */ = {
			isa = PBXNativeTarget;
			buildConfigurationList = BBD56F791A5D7A190085D259 /* Build configuration list for PBXNativeTarget "NETKitTests" */;
			buildPhases = (
				BBD56F691A5D7A190085D259 /* Sources */,
				BBD56F6A1A5D7A190085D259 /* Frameworks */,
				BBD56F6B1A5D7A190085D259 /* Resources */,
			);
			buildRules = (
			);
			dependencies = (
				BBD56F701A5D7A190085D259 /* PBXTargetDependency */,
			);
			name = NETKitTests;
			productName = NETKitTests;
			productReference = BBD56F6D1A5D7A190085D259 /* NETKitTests.xctest */;
			productType = "com.apple.product-type.bundle.unit-test";
		};
/* End PBXNativeTarget section */

/* Begin PBXProject section */
		BBD56F5A1A5D7A190085D259 /* Project object */ = {
			isa = PBXProject;
			attributes = {
				LastUpgradeCheck = 0610;
				ORGANIZATIONNAME = hibu;
				TargetAttributes = {
					BBD56F611A5D7A190085D259 = {
						CreatedOnToolsVersion = 6.1.1;
					};
					BBD56F6C1A5D7A190085D259 = {
						CreatedOnToolsVersion = 6.1.1;
					};
				};
			};
			buildConfigurationList = BBD56F5D1A5D7A190085D259 /* Build configuration list for PBXProject "NETKit" */;
			compatibilityVersion = "Xcode 3.2";
			developmentRegion = English;
			hasScannedForEncodings = 0;
			knownRegions = (
				en,
			);
			mainGroup = BBD56F591A5D7A190085D259;
			productRefGroup = BBD56F631A5D7A190085D259 /* Products */;
			projectDirPath = "";
			projectRoot = "";
			targets = (
				BBD56F611A5D7A190085D259 /* NETKit */,
				BBD56F6C1A5D7A190085D259 /* NETKitTests */,
			);
		};
/* End PBXProject section */

/* Begin PBXResourcesBuildPhase section */
		BBD56F6B1A5D7A190085D259 /* Resources */ = {
			isa = PBXResourcesBuildPhase;
			buildActionMask = 2147483647;
			files = (
			);
			runOnlyForDeploymentPostprocessing = 0;
		};
/* End PBXResourcesBuildPhase section */

/* Begin PBXSourcesBuildPhase section */
		BBD56F5E1A5D7A190085D259 /* Sources */ = {
			isa = PBXSourcesBuildPhase;
			buildActionMask = 2147483647;
			files = (
				BBD56F8C1A5D7A680085D259 /* NETMimePart.m in Sources */,
				BBD56F861A5D7A680085D259 /* NETImageMimePart.m in Sources */,
				BBD56F881A5D7A680085D259 /* NETJSONMimePart.m in Sources */,
				BBD56F8E1A5D7A680085D259 /* NETRequest.m in Sources */,
				BBD56F8A1A5D7A680085D259 /* NETMimeMultipart.m in Sources */,
			);
			runOnlyForDeploymentPostprocessing = 0;
		};
		BBD56F691A5D7A190085D259 /* Sources */ = {
			isa = PBXSourcesBuildPhase;
			buildActionMask = 2147483647;
			files = (
				BBD56F891A5D7A680085D259 /* NETJSONMimePart.m in Sources */,
				BBD56F871A5D7A680085D259 /* NETImageMimePart.m in Sources */,
				BBD56F8D1A5D7A680085D259 /* NETMimePart.m in Sources */,
				BBD56F8F1A5D7A680085D259 /* NETRequest.m in Sources */,
				BBD56F8B1A5D7A680085D259 /* NETMimeMultipart.m in Sources */,
			);
			runOnlyForDeploymentPostprocessing = 0;
		};
/* End PBXSourcesBuildPhase section */

/* Begin PBXTargetDependency section */
		BBD56F701A5D7A190085D259 /* PBXTargetDependency */ = {
			isa = PBXTargetDependency;
			target = BBD56F611A5D7A190085D259 /* NETKit */;
			targetProxy = BBD56F6F1A5D7A190085D259 /* PBXContainerItemProxy */;
		};
/* End PBXTargetDependency section */

/* Begin XCBuildConfiguration section */
		BBD56F741A5D7A190085D259 /* Debug */ = {
			isa = XCBuildConfiguration;
			buildSettings = {
				ALWAYS_SEARCH_USER_PATHS = NO;
				CLANG_CXX_LANGUAGE_STANDARD = "gnu++0x";
				CLANG_CXX_LIBRARY = "libc++";
				CLANG_ENABLE_MODULES = YES;
				CLANG_ENABLE_OBJC_ARC = YES;
				CLANG_WARN_BOOL_CONVERSION = YES;
				CLANG_WARN_CONSTANT_CONVERSION = YES;
				CLANG_WARN_DIRECT_OBJC_ISA_USAGE = YES_ERROR;
				CLANG_WARN_EMPTY_BODY = YES;
				CLANG_WARN_ENUM_CONVERSION = YES;
				CLANG_WARN_INT_CONVERSION = YES;
				CLANG_WARN_OBJC_ROOT_CLASS = YES_ERROR;
				CLANG_WARN_UNREACHABLE_CODE = YES;
				CLANG_WARN__DUPLICATE_METHOD_MATCH = YES;
				COPY_PHASE_STRIP = NO;
				ENABLE_STRICT_OBJC_MSGSEND = YES;
				GCC_C_LANGUAGE_STANDARD = gnu99;
				GCC_DYNAMIC_NO_PIC = NO;
				GCC_OPTIMIZATION_LEVEL = 0;
				GCC_PREPROCESSOR_DEFINITIONS = (
					"DEBUG=1",
					"$(inherited)",
				);
				GCC_SYMBOLS_PRIVATE_EXTERN = NO;
				GCC_WARN_64_TO_32_BIT_CONVERSION = YES;
				GCC_WARN_ABOUT_RETURN_TYPE = YES_ERROR;
				GCC_WARN_UNDECLARED_SELECTOR = YES;
				GCC_WARN_UNINITIALIZED_AUTOS = YES_AGGRESSIVE;
				GCC_WARN_UNUSED_FUNCTION = YES;
				GCC_WARN_UNUSED_VARIABLE = YES;
				IPHONEOS_DEPLOYMENT_TARGET = 8.1;
				MTL_ENABLE_DEBUG_INFO = YES;
				ONLY_ACTIVE_ARCH = YES;
				SDKROOT = iphoneos;
			};
			name = Debug;
		};
		BBD56F751A5D7A190085D259 /* Release */ = {
			isa = XCBuildConfiguration;
			buildSettings = {
				ALWAYS_SEARCH_USER_PATHS = NO;
				CLANG_CXX_LANGUAGE_STANDARD = "gnu++0x";
				CLANG_CXX_LIBRARY = "libc++";
				CLANG_ENABLE_MODULES = YES;
				CLANG_ENABLE_OBJC_ARC = YES;
				CLANG_WARN_BOOL_CONVERSION = YES;
				CLANG_WARN_CONSTANT_CONVERSION = YES;
				CLANG_WARN_DIRECT_OBJC_ISA_USAGE = YES_ERROR;
				CLANG_WARN_EMPTY_BODY = YES;
				CLANG_WARN_ENUM_CONVERSION = YES;
				CLANG_WARN_INT_CONVERSION = YES;
				CLANG_WARN_OBJC_ROOT_CLASS = YES_ERROR;
				CLANG_WARN_UNREACHABLE_CODE = YES;
				CLANG_WARN__DUPLICATE_METHOD_MATCH = YES;
				COPY_PHASE_STRIP = YES;
				ENABLE_NS_ASSERTIONS = NO;
				ENABLE_STRICT_OBJC_MSGSEND = YES;
				GCC_C_LANGUAGE_STANDARD = gnu99;
				GCC_WARN_64_TO_32_BIT_CONVERSION = YES;
				GCC_WARN_ABOUT_RETURN_TYPE = YES_ERROR;
				GCC_WARN_UNDECLARED_SELECTOR = YES;
				GCC_WARN_UNINITIALIZED_AUTOS = YES_AGGRESSIVE;
				GCC_WARN_UNUSED_FUNCTION = YES;
				GCC_WARN_UNUSED_VARIABLE = YES;
				IPHONEOS_DEPLOYMENT_TARGET = 8.1;
				MTL_ENABLE_DEBUG_INFO = NO;
				SDKROOT = iphoneos;
				VALIDATE_PRODUCT = YES;
			};
			name = Release;
		};
		BBD56F771A5D7A190085D259 /* Debug */ = {
			isa = XCBuildConfiguration;
			buildSettings = {
				OTHER_LDFLAGS = "-ObjC";
				PRODUCT_NAME = "$(TARGET_NAME)";
				SKIP_INSTALL = YES;
			};
			name = Debug;
		};
		BBD56F781A5D7A190085D259 /* Release */ = {
			isa = XCBuildConfiguration;
			buildSettings = {
				OTHER_LDFLAGS = "-ObjC";
				PRODUCT_NAME = "$(TARGET_NAME)";
				SKIP_INSTALL = YES;
			};
			name = Release;
		};
		BBD56F7A1A5D7A190085D259 /* Debug */ = {
			isa = XCBuildConfiguration;
			buildSettings = {
				FRAMEWORK_SEARCH_PATHS = (
					"$(SDKROOT)/Developer/Library/Frameworks",
					"$(inherited)",
				);
				GCC_PREPROCESSOR_DEFINITIONS = (
					"DEBUG=1",
					"$(inherited)",
				);
				INFOPLIST_FILE = NETKitTests/Info.plist;
				LD_RUNPATH_SEARCH_PATHS = "$(inherited) @executable_path/Frameworks @loader_path/Frameworks";
				PRODUCT_NAME = "$(TARGET_NAME)";
			};
			name = Debug;
		};
		BBD56F7B1A5D7A190085D259 /* Release */ = {
			isa = XCBuildConfiguration;
			buildSettings = {
				FRAMEWORK_SEARCH_PATHS = (
					"$(SDKROOT)/Developer/Library/Frameworks",
					"$(inherited)",
				);
				INFOPLIST_FILE = NETKitTests/Info.plist;
				LD_RUNPATH_SEARCH_PATHS = "$(inherited) @executable_path/Frameworks @loader_path/Frameworks";
				PRODUCT_NAME = "$(TARGET_NAME)";
			};
			name = Release;
		};
/* End XCBuildConfiguration section */

/* Begin XCConfigurationList section */
		BBD56F5D1A5D7A190085D259 /* Build configuration list for PBXProject "NETKit" */ = {
			isa = XCConfigurationList;
			buildConfigurations = (
				BBD56F741A5D7A190085D259 /* Debug */,
				BBD56F751A5D7A190085D259 /* Release */,
			);
			defaultConfigurationIsVisible = 0;
			defaultConfigurationName = Release;
		};
		BBD56F761A5D7A190085D259 /* Build configuration list for PBXNativeTarget "NETKit" */ = {
			isa = XCConfigurationList;
			buildConfigurations = (
				BBD56F771A5D7A190085D259 /* Debug */,
				BBD56F781A5D7A190085D259 /* Release */,
			);
			defaultConfigurationIsVisible = 0;
		};
		BBD56F791A5D7A190085D259 /* Build configuration list for PBXNativeTarget "NETKitTests" */ = {
			isa = XCConfigurationList;
			buildConfigurations = (
				BBD56F7A1A5D7A190085D259 /* Debug */,
				BBD56F7B1A5D7A190085D259 /* Release */,
			);
			defaultConfigurationIsVisible = 0;
		};
/* End XCConfigurationList section */
	};
	rootObject = BBD56F5A1A5D7A190085D259 /* Project object */;
}
